
Microsoft Visual Studio Solution File, Format Version 12.00
# Visual Studio Version 17
VisualStudioVersion = 17.6.33723.286
MinimumVisualStudioVersion = 10.0.40219.1
Project("{9A19103F-16F7-4668-BE54-9A1E7A4F7556}") = "MealTracker.API", "MealTracker.API\MealTracker.API.csproj", "{17CBBFA9-989F-46C9-9FFB-941C6DEAEAA7}"
EndProject
Project("{9A19103F-16F7-4668-BE54-9A1E7A4F7556}") = "MealTracker.Application", "MealTracker.Application\MealTracker.Application.csproj", "{D1BA44E0-4695-48C3-B4BB-2FF0367B0388}"
EndProject
Project("{9A19103F-16F7-4668-BE54-9A1E7A4F7556}") = "MealTracker.Infra", "MealTracker.Infra\MealTracker.Infra.csproj", "{08FC4636-C413-424F-AC2E-3A357DDBE86F}"
EndProject
Project("{9A19103F-16F7-4668-BE54-9A1E7A4F7556}") = "Result.Entities", "Result.Entities\Result.Entities.csproj", "{35881C19-224A-48E5-8681-0A6A3D65176D}"
EndProject
Global
	GlobalSection(SolutionConfigurationPlatforms) = preSolution
		Debug|Any CPU = Debug|Any CPU
		Release|Any CPU = Release|Any CPU
	EndGlobalSection
	GlobalSection(ProjectConfigurationPlatforms) = postSolution
		{17CBBFA9-989F-46C9-9FFB-941C6DEAEAA7}.Debug|Any CPU.ActiveCfg = Debug|Any CPU
		{17CBBFA9-989F-46C9-9FFB-941C6DEAEAA7}.Debug|Any CPU.Build.0 = Debug|Any CPU
		{17CBBFA9-989F-46C9-9FFB-941C6DEAEAA7}.Release|Any CPU.ActiveCfg = Release|Any CPU
		{17CBBFA9-989F-46C9-9FFB-941C6DEAEAA7}.Release|Any CPU.Build.0 = Release|Any CPU
		{D1BA44E0-4695-48C3-B4BB-2FF0367B0388}.Debug|Any CPU.ActiveCfg = Debug|Any CPU
		{D1BA44E0-4695-48C3-B4BB-2FF0367B0388}.Debug|Any CPU.Build.0 = Debug|Any CPU
		{D1BA44E0-4695-48C3-B4BB-2FF0367B0388}.Release|Any CPU.ActiveCfg = Release|Any CPU
		{D1BA44E0-4695-48C3-B4BB-2FF0367B0388}.Release|Any CPU.Build.0 = Release|Any CPU
		{08FC4636-C413-424F-AC2E-3A357DDBE86F}.Debug|Any CPU.ActiveCfg = Debug|Any CPU
		{08FC4636-C413-424F-AC2E-3A357DDBE86F}.Debug|Any CPU.Build.0 = Debug|Any CPU
		{08FC4636-C413-424F-AC2E-3A357DDBE86F}.Release|Any CPU.ActiveCfg = Release|Any CPU
		{08FC4636-C413-424F-AC2E-3A357DDBE86F}.Release|Any CPU.Build.0 = Release|Any CPU
		{35881C19-224A-48E5-8681-0A6A3D65176D}.Debug|Any CPU.ActiveCfg = Debug|Any CPU
		{35881C19-224A-48E5-8681-0A6A3D65176D}.Debug|Any CPU.Build.0 = Debug|Any CPU
		{35881C19-224A-48E5-8681-0A6A3D65176D}.Release|Any CPU.ActiveCfg = Release|Any CPU
		{35881C19-224A-48E5-8681-0A6A3D65176D}.Release|Any CPU.Build.0 = Release|Any CPU
	EndGlobalSection
	GlobalSection(SolutionProperties) = preSolution
		HideSolutionNode = FALSE
	EndGlobalSection
	GlobalSection(ExtensibilityGlobals) = postSolution
		SolutionGuid = {60EEE87E-99F9-4817-BCF4-ADD6C0DFD078}
	EndGlobalSection
EndGlobal
